
Microsoft Visual Studio Solution File, Format Version 12.00
Project("{2150E333-8FDC-42A3-9474-1A3956D46DE8}") = "src", "src", "{AAF5773A-9525-4189-81C6-4FE4828BCB2C}"
EndProject
Project("{FAE04EC0-301F-11D3-BF4B-00C04F79EFBC}") = "MuHub.Api", "src\MuHub.Api\MuHub.Api.csproj", "{2477236D-A69D-4DD1-8E3A-961831074713}"
EndProject
Project("{2150E333-8FDC-42A3-9474-1A3956D46DE8}") = "tests", "tests", "{ECEED701-2DF9-4D9A-ADF9-BF9EA1D98EBB}"
EndProject
Project("{2150E333-8FDC-42A3-9474-1A3956D46DE8}") = "UnitTests", "UnitTests", "{7D8A0F76-5C46-4EA8-9DA8-F66CFC5FA633}"
EndProject
Project("{2150E333-8FDC-42A3-9474-1A3956D46DE8}") = "IntegrationTests", "IntegrationTests", "{836C800D-ECC6-4A59-86B7-CA5243BBA151}"
EndProject
Project("{FAE04EC0-301F-11D3-BF4B-00C04F79EFBC}") = "MuHub.Api.Tests", "tests\UnitTests\MuHub.Api.Tests\MuHub.Api.Tests.csproj", "{E8D85536-E12C-453F-8FFF-C14F8D9EFC17}"
EndProject
Project("{FAE04EC0-301F-11D3-BF4B-00C04F79EFBC}") = "MuHub.Domain", "src\MuHub.Domain\MuHub.Domain.csproj", "{E6A73B47-AA7C-4431-A131-93DD91068134}"
EndProject
Project("{FAE04EC0-301F-11D3-BF4B-00C04F79EFBC}") = "MuHub.Application", "src\MuHub.Application\MuHub.Application.csproj", "{806CEE4A-1EB7-4F99-9D1B-8B44D5DCC8D9}"
EndProject
Project("{FAE04EC0-301F-11D3-BF4B-00C04F79EFBC}") = "MuHub.Infrastructure", "src\MuHub.Infrastructure\MuHub.Infrastructure.csproj", "{80D78144-AC88-4055-8638-EB576318AB62}"
EndProject
Project("{FAE04EC0-301F-11D3-BF4B-00C04F79EFBC}") = "MuHub.IdentityProvider", "src\MuHub.IdentityProvider\MuHub.IdentityProvider.csproj", "{42D42812-AD54-4B90-A57A-9A01499AFB43}"
EndProject
Project("{FAE04EC0-301F-11D3-BF4B-00C04F79EFBC}") = "MuHub.SharedData", "src\MuHub.SharedData\MuHub.SharedData.csproj", "{B3C29D9D-C3FB-4335-ACC4-FFB90FF4CDE0}"
EndProject
Project("{FAE04EC0-301F-11D3-BF4B-00C04F79EFBC}") = "MuHub.Permissions", "src\MuHub.Permissions\MuHub.Permissions.csproj", "{3C96B6EC-FB62-467F-A893-2F80D9C78189}"
EndProject
Project("{FAE04EC0-301F-11D3-BF4B-00C04F79EFBC}") = "MuHub.IdentityProvider.Shared", "src\MuHub.IdentityProvider.Shared\MuHub.IdentityProvider.Shared.csproj", "{5B1E68CD-4D16-4A31-9CD9-E5323A634A23}"
EndProject
Project("{FAE04EC0-301F-11D3-BF4B-00C04F79EFBC}") = "MuHub.IdentityProvider.Tests", "tests\UnitTests\MuHub.IdentityProvider.Tests\MuHub.IdentityProvider.Tests.csproj", "{6445BDA5-DE7A-4C19-A8E1-167345CB5E4A}"
EndProject
Project("{2150E333-8FDC-42A3-9474-1A3956D46DE8}") = "Auxiliary", "Auxiliary", "{E98E4404-5879-48A3-9E2C-938AADB70270}"
EndProject
Project("{FAE04EC0-301F-11D3-BF4B-00C04F79EFBC}") = "MuHub.Tests.Common", "tests\UnitTests\Auxiliary\MuHub.Tests.Common\MuHub.Tests.Common.csproj", "{A58A8B89-247D-49E2-9195-1AAD70A6A62B}"
EndProject
Project("{FAE04EC0-301F-11D3-BF4B-00C04F79EFBC}") = "CoinGecko.Api", "src\CoinGecko.Api\CoinGecko.Api.csproj", "{4D1041AF-0D23-4F73-889E-089BA6596C2A}"
EndProject
Project("{FAE04EC0-301F-11D3-BF4B-00C04F79EFBC}") = "CoinGecko.Api.Tests", "tests\UnitTests\CoinGecko.Api.Tests\CoinGecko.Api.Tests.csproj", "{8FDFF040-5B3B-4A2F-B559-C0C89B7AA8EF}"
EndProject
Global
	GlobalSection(SolutionConfigurationPlatforms) = preSolution
		Debug|Any CPU = Debug|Any CPU
		Release|Any CPU = Release|Any CPU
	EndGlobalSection
	GlobalSection(NestedProjects) = preSolution
		{2477236D-A69D-4DD1-8E3A-961831074713} = {AAF5773A-9525-4189-81C6-4FE4828BCB2C}
		{7D8A0F76-5C46-4EA8-9DA8-F66CFC5FA633} = {ECEED701-2DF9-4D9A-ADF9-BF9EA1D98EBB}
		{836C800D-ECC6-4A59-86B7-CA5243BBA151} = {ECEED701-2DF9-4D9A-ADF9-BF9EA1D98EBB}
		{E8D85536-E12C-453F-8FFF-C14F8D9EFC17} = {7D8A0F76-5C46-4EA8-9DA8-F66CFC5FA633}
		{E6A73B47-AA7C-4431-A131-93DD91068134} = {AAF5773A-9525-4189-81C6-4FE4828BCB2C}
		{806CEE4A-1EB7-4F99-9D1B-8B44D5DCC8D9} = {AAF5773A-9525-4189-81C6-4FE4828BCB2C}
		{80D78144-AC88-4055-8638-EB576318AB62} = {AAF5773A-9525-4189-81C6-4FE4828BCB2C}
		{42D42812-AD54-4B90-A57A-9A01499AFB43} = {AAF5773A-9525-4189-81C6-4FE4828BCB2C}
		{B3C29D9D-C3FB-4335-ACC4-FFB90FF4CDE0} = {AAF5773A-9525-4189-81C6-4FE4828BCB2C}
		{3C96B6EC-FB62-467F-A893-2F80D9C78189} = {AAF5773A-9525-4189-81C6-4FE4828BCB2C}
		{5B1E68CD-4D16-4A31-9CD9-E5323A634A23} = {AAF5773A-9525-4189-81C6-4FE4828BCB2C}
		{6445BDA5-DE7A-4C19-A8E1-167345CB5E4A} = {7D8A0F76-5C46-4EA8-9DA8-F66CFC5FA633}
		{E98E4404-5879-48A3-9E2C-938AADB70270} = {7D8A0F76-5C46-4EA8-9DA8-F66CFC5FA633}
		{A58A8B89-247D-49E2-9195-1AAD70A6A62B} = {E98E4404-5879-48A3-9E2C-938AADB70270}
		{4D1041AF-0D23-4F73-889E-089BA6596C2A} = {AAF5773A-9525-4189-81C6-4FE4828BCB2C}
		{8FDFF040-5B3B-4A2F-B559-C0C89B7AA8EF} = {7D8A0F76-5C46-4EA8-9DA8-F66CFC5FA633}
	EndGlobalSection
	GlobalSection(ProjectConfigurationPlatforms) = postSolution
		{2477236D-A69D-4DD1-8E3A-961831074713}.Debug|Any CPU.ActiveCfg = Debug|Any CPU
		{2477236D-A69D-4DD1-8E3A-961831074713}.Debug|Any CPU.Build.0 = Debug|Any CPU
		{2477236D-A69D-4DD1-8E3A-961831074713}.Release|Any CPU.ActiveCfg = Release|Any CPU
		{2477236D-A69D-4DD1-8E3A-961831074713}.Release|Any CPU.Build.0 = Release|Any CPU
		{E8D85536-E12C-453F-8FFF-C14F8D9EFC17}.Debug|Any CPU.ActiveCfg = Debug|Any CPU
		{E8D85536-E12C-453F-8FFF-C14F8D9EFC17}.Debug|Any CPU.Build.0 = Debug|Any CPU
		{E8D85536-E12C-453F-8FFF-C14F8D9EFC17}.Release|Any CPU.ActiveCfg = Release|Any CPU
		{E8D85536-E12C-453F-8FFF-C14F8D9EFC17}.Release|Any CPU.Build.0 = Release|Any CPU
		{E6A73B47-AA7C-4431-A131-93DD91068134}.Debug|Any CPU.ActiveCfg = Debug|Any CPU
		{E6A73B47-AA7C-4431-A131-93DD91068134}.Debug|Any CPU.Build.0 = Debug|Any CPU
		{E6A73B47-AA7C-4431-A131-93DD91068134}.Release|Any CPU.ActiveCfg = Release|Any CPU
		{E6A73B47-AA7C-4431-A131-93DD91068134}.Release|Any CPU.Build.0 = Release|Any CPU
		{806CEE4A-1EB7-4F99-9D1B-8B44D5DCC8D9}.Debug|Any CPU.ActiveCfg = Debug|Any CPU
		{806CEE4A-1EB7-4F99-9D1B-8B44D5DCC8D9}.Debug|Any CPU.Build.0 = Debug|Any CPU
		{806CEE4A-1EB7-4F99-9D1B-8B44D5DCC8D9}.Release|Any CPU.ActiveCfg = Release|Any CPU
		{806CEE4A-1EB7-4F99-9D1B-8B44D5DCC8D9}.Release|Any CPU.Build.0 = Release|Any CPU
		{80D78144-AC88-4055-8638-EB576318AB62}.Debug|Any CPU.ActiveCfg = Debug|Any CPU
		{80D78144-AC88-4055-8638-EB576318AB62}.Debug|Any CPU.Build.0 = Debug|Any CPU
		{80D78144-AC88-4055-8638-EB576318AB62}.Release|Any CPU.ActiveCfg = Release|Any CPU
		{80D78144-AC88-4055-8638-EB576318AB62}.Release|Any CPU.Build.0 = Release|Any CPU
		{42D42812-AD54-4B90-A57A-9A01499AFB43}.Debug|Any CPU.ActiveCfg = Debug|Any CPU
		{42D42812-AD54-4B90-A57A-9A01499AFB43}.Debug|Any CPU.Build.0 = Debug|Any CPU
		{42D42812-AD54-4B90-A57A-9A01499AFB43}.Release|Any CPU.ActiveCfg = Release|Any CPU
		{42D42812-AD54-4B90-A57A-9A01499AFB43}.Release|Any CPU.Build.0 = Release|Any CPU
		{B3C29D9D-C3FB-4335-ACC4-FFB90FF4CDE0}.Debug|Any CPU.ActiveCfg = Debug|Any CPU
		{B3C29D9D-C3FB-4335-ACC4-FFB90FF4CDE0}.Debug|Any CPU.Build.0 = Debug|Any CPU
		{B3C29D9D-C3FB-4335-ACC4-FFB90FF4CDE0}.Release|Any CPU.ActiveCfg = Release|Any CPU
		{B3C29D9D-C3FB-4335-ACC4-FFB90FF4CDE0}.Release|Any CPU.Build.0 = Release|Any CPU
		{3C96B6EC-FB62-467F-A893-2F80D9C78189}.Debug|Any CPU.ActiveCfg = Debug|Any CPU
		{3C96B6EC-FB62-467F-A893-2F80D9C78189}.Debug|Any CPU.Build.0 = Debug|Any CPU
		{3C96B6EC-FB62-467F-A893-2F80D9C78189}.Release|Any CPU.ActiveCfg = Release|Any CPU
		{3C96B6EC-FB62-467F-A893-2F80D9C78189}.Release|Any CPU.Build.0 = Release|Any CPU
		{5B1E68CD-4D16-4A31-9CD9-E5323A634A23}.Debug|Any CPU.ActiveCfg = Debug|Any CPU
		{5B1E68CD-4D16-4A31-9CD9-E5323A634A23}.Debug|Any CPU.Build.0 = Debug|Any CPU
		{5B1E68CD-4D16-4A31-9CD9-E5323A634A23}.Release|Any CPU.ActiveCfg = Release|Any CPU
		{5B1E68CD-4D16-4A31-9CD9-E5323A634A23}.Release|Any CPU.Build.0 = Release|Any CPU
		{6445BDA5-DE7A-4C19-A8E1-167345CB5E4A}.Debug|Any CPU.ActiveCfg = Debug|Any CPU
		{6445BDA5-DE7A-4C19-A8E1-167345CB5E4A}.Debug|Any CPU.Build.0 = Debug|Any CPU
		{6445BDA5-DE7A-4C19-A8E1-167345CB5E4A}.Release|Any CPU.ActiveCfg = Release|Any CPU
		{6445BDA5-DE7A-4C19-A8E1-167345CB5E4A}.Release|Any CPU.Build.0 = Release|Any CPU
		{A58A8B89-247D-49E2-9195-1AAD70A6A62B}.Debug|Any CPU.ActiveCfg = Debug|Any CPU
		{A58A8B89-247D-49E2-9195-1AAD70A6A62B}.Debug|Any CPU.Build.0 = Debug|Any CPU
		{A58A8B89-247D-49E2-9195-1AAD70A6A62B}.Release|Any CPU.ActiveCfg = Release|Any CPU
		{A58A8B89-247D-49E2-9195-1AAD70A6A62B}.Release|Any CPU.Build.0 = Release|Any CPU
		{4D1041AF-0D23-4F73-889E-089BA6596C2A}.Debug|Any CPU.ActiveCfg = Debug|Any CPU
		{4D1041AF-0D23-4F73-889E-089BA6596C2A}.Debug|Any CPU.Build.0 = Debug|Any CPU
		{4D1041AF-0D23-4F73-889E-089BA6596C2A}.Release|Any CPU.ActiveCfg = Release|Any CPU
		{4D1041AF-0D23-4F73-889E-089BA6596C2A}.Release|Any CPU.Build.0 = Release|Any CPU
		{8FDFF040-5B3B-4A2F-B559-C0C89B7AA8EF}.Debug|Any CPU.ActiveCfg = Debug|Any CPU
		{8FDFF040-5B3B-4A2F-B559-C0C89B7AA8EF}.Debug|Any CPU.Build.0 = Debug|Any CPU
		{8FDFF040-5B3B-4A2F-B559-C0C89B7AA8EF}.Release|Any CPU.ActiveCfg = Release|Any CPU
		{8FDFF040-5B3B-4A2F-B559-C0C89B7AA8EF}.Release|Any CPU.Build.0 = Release|Any CPU
	EndGlobalSection
EndGlobal
